
Microsoft Visual Studio Solution File, Format Version 12.00
Project("{FAE04EC0-301F-11D3-BF4B-00C04F79EFBC}") = "IGStaffBot", "IGStaffBot\IGStaffBot.csproj", "{865BD5CA-FE17-4932-8501-43379D4FE32B}"
EndProject
Global
	GlobalSection(SolutionConfigurationPlatforms) = preSolution
		Debug|Any CPU = Debug|Any CPU
		Release|Any CPU = Release|Any CPU
	EndGlobalSection
	GlobalSection(ProjectConfigurationPlatforms) = postSolution
		{865BD5CA-FE17-4932-8501-43379D4FE32B}.Debug|Any CPU.ActiveCfg = Debug|Any CPU
		{865BD5CA-FE17-4932-8501-43379D4FE32B}.Debug|Any CPU.Build.0 = Debug|Any CPU
		{865BD5CA-FE17-4932-8501-43379D4FE32B}.Release|Any CPU.ActiveCfg = Release|Any CPU
		{865BD5CA-FE17-4932-8501-43379D4FE32B}.Release|Any CPU.Build.0 = Release|Any CPU
	EndGlobalSection
EndGlobal
